{
    "_readme": [
        "This file locks the dependencies of your project to a known state",
        "Read more about it at https://getcomposer.org/doc/01-basic-usage.md#composer-lock-the-lock-file",
        "This file is @generated automatically"
    ],
    "content-hash": "959dff34e6b6c808c892ceac768cc136",
    "packages": [
        {
            "name": "oktopost/jsonencode",
            "version": "1.0.1",
            "source": {
                "type": "git",
                "url": "https://github.com/Oktopost/jsonencode.git",
                "reference": "2ff092f0554f5b6c02762e3987e165d3912e423f"
            },
            "dist": {
                "type": "zip",
                "url": "https://api.github.com/repos/Oktopost/jsonencode/zipball/2ff092f0554f5b6c02762e3987e165d3912e423f",
                "reference": "2ff092f0554f5b6c02762e3987e165d3912e423f",
                "shasum": ""
            },
            "require": {
                "php": ">=7.1"
            },
            "require-dev": {
                "phpunit/phpunit": "^6.2",
                "satooshi/php-coveralls": "^1.0"
            },
            "type": "library",
            "autoload": {
                "files": [
                    "src/jsonencode.php",
                    "src/jsondecode.php"
                ]
            },
            "notification-url": "https://packagist.org/downloads/",
            "license": [
                "MIT"
            ],
            "authors": [
                {
                    "name": "Alexey Puchkov",
                    "email": "alexey.pkv@gmail.com"
                },
                {
                    "name": "Ivan Demchenkov",
                    "email": "demchenkov.ivan@gmail.com"
                }
            ],
            "description": "Fix the behavior of json_encode and json_decode",
            "time": "2018-06-17T12:16:38+00:00"
        },
        {
            "name": "oktopost/objection",
            "version": "1.0.13",
            "source": {
                "type": "git",
                "url": "https://github.com/Oktopost/Objection.git",
                "reference": "ed779b56a96e395ae1c16273f73cf5e16a0f79f3"
            },
            "dist": {
                "type": "zip",
                "url": "https://api.github.com/repos/Oktopost/Objection/zipball/ed779b56a96e395ae1c16273f73cf5e16a0f79f3",
                "reference": "ed779b56a96e395ae1c16273f73cf5e16a0f79f3",
                "shasum": ""
            },
            "require": {
                "php": ">=5.5-stable",
                "unstable-cacao/traitor": "^1.0"
            },
            "type": "library",
            "autoload": {
                "psr-0": {
                    "Objection": "src"
                }
            },
            "notification-url": "https://packagist.org/downloads/",
            "license": [
                "MIT"
            ],
            "authors": [
                {
                    "name": "Alexey Puchkov",
                    "email": "alexey@oktopost.com",
                    "role": "Developer"
                },
                {
                    "name": "Marina Sherstuk",
                    "email": "marinashers@gmail.com",
                    "role": "Developer"
                },
                {
                    "name": "Daniel Podrabinek",
                    "email": "dpodrabinek@oktopost.com",
                    "role": "Developer"
                }
            ],
            "description": "Objects in PHP",
            "homepage": "https://github.com/Oktopost/Objection",
            "time": "2017-10-19T05:25:35+00:00"
        },
        {
            "name": "oktopost/unit-cover",
            "version": "1.0.0",
            "source": {
                "type": "git",
                "url": "https://github.com/Oktopost/UnitCover.git",
                "reference": "e564a75fab982dc198675beebb9f9ac37580dd32"
            },
            "dist": {
                "type": "zip",
                "url": "https://api.github.com/repos/Oktopost/UnitCover/zipball/e564a75fab982dc198675beebb9f9ac37580dd32",
                "reference": "e564a75fab982dc198675beebb9f9ac37580dd32",
                "shasum": ""
            },
            "require": {
                "php": ">=7.1"
            },
            "type": "library",
            "notification-url": "https://packagist.org/downloads/",
            "authors": [
                {
                    "name": "Alexey Puchkov",
                    "email": "alexey@oktopost.com",
                    "role": "Developer"
                }
            ],
            "time": "2018-04-12T08:48:53+00:00"
        },
        {
            "name": "unstable-cacao/traitor",
            "version": "1.0.2",
            "source": {
                "type": "git",
                "url": "https://github.com/unstable-cacao/Traitor.git",
                "reference": "81ccd1c1e9975235b8e6a69bbecccf987b79cd15"
            },
            "dist": {
                "type": "zip",
                "url": "https://api.github.com/repos/unstable-cacao/Traitor/zipball/81ccd1c1e9975235b8e6a69bbecccf987b79cd15",
                "reference": "81ccd1c1e9975235b8e6a69bbecccf987b79cd15",
                "shasum": ""
            },
            "require": {
                "oktopost/unit-cover": "^1.0",
                "php": ">=7.1-stable"
            },
            "require-dev": {
                "phpunit/phpunit": "^6.1"
            },
            "type": "library",
            "autoload": {
                "psr-4": {
                    "Traitor\\": "Source/"
                }
            },
            "notification-url": "https://packagist.org/downloads/",
            "license": [
                "MIT"
            ],
            "authors": [
                {
                    "name": "Alexey Puchkov",
                    "email": "alexey.pkv@gmail.com"
                },
                {
                    "name": "Marina Puchkov",
                    "email": "marinashers@gmail.com"
                }
            ],
            "time": "2019-01-13T11:46:51+00:00"
        },
        {
            "name": "unstable-cacao/unix-socks",
            "version": "1.0.2",
            "source": {
                "type": "git",
                "url": "https://github.com/unstable-cacao/UnixSocks.git",
                "reference": "68812d0fa2cfba391753c725d39df6a5e35639ef"
            },
            "dist": {
                "type": "zip",
                "url": "https://api.github.com/repos/unstable-cacao/UnixSocks/zipball/68812d0fa2cfba391753c725d39df6a5e35639ef",
                "reference": "68812d0fa2cfba391753c725d39df6a5e35639ef",
                "shasum": ""
            },
            "require": {
                "php": ">=7.1"
            },
            "require-dev": {
                "phpunit/phpunit": "^6.2",
                "satooshi/php-coveralls": "^1.0"
            },
            "type": "library",
            "autoload": {
                "psr-4": {
                    "UnixSocks\\": "src\\UnixSocks\\"
                }
            },
            "notification-url": "https://packagist.org/downloads/",
            "authors": [
                {
                    "name": "Alexey Puchkov",
                    "email": "alexey.pkv@gmail.com"
                },
                {
                    "name": "Marina Puchkov",
                    "email": "marinashers@gmail.com"
                }
            ],
            "description": "A library for unix sockets",
            "time": "2019-05-11T09:17:46+00:00"
        }
    ],
    "packages-dev": [],
    "aliases": [],
    "minimum-stability": "stable",
    "stability-flags": [],
    "prefer-stable": false,
    "prefer-lowest": false,
    "platform": [],
    "platform-dev": []
}
